PODS:
  - flu_console (0.0.1):
    - Flutter
  - Flutter (1.0.0)

DEPENDENCIES:
  - flu_console (from `.symlinks/plugins/flu_console/ios`)
  - Flutter (from `Flutter`)

EXTERNAL SOURCES:
  flu_console:
    :path: ".symlinks/plugins/flu_console/ios"
  Flutter:
    :path: Flutter

SPEC CHECKSUMS:
  flu_console: cab1ae3b53fd0f3bf7927d413cf51f1b275dab4c
  Flutter: f04841e97a9d0b0a8025694d0796dd46242b2854

PODFILE CHECKSUM: ef19549a9bc3046e7bb7d2fab4d021637c0c58a3

COCOAPODS: 1.13.0
